
Microsoft Visual Studio Solution File, Format Version 12.00
# Visual Studio 15
VisualStudioVersion = 15.0.28307.168
MinimumVisualStudioVersion = 10.0.40219.1
Project("{8BC9CEB8-8B4A-11D0-8D11-00A0C91BC942}") = "idolon_2017", "project\idolon_2017.vcxproj", "{C63DAE4C-ECC0-43A8-A6B8-A8FD091AC2F9}"
EndProject
Project("{8BC9CEB8-8B4A-11D0-8D11-00A0C91BC942}") = "duktape", "code\external\duktape\duktape.vcxproj", "{0018DD48-B330-4522-B94E-EC161AA41BBA}"
EndProject
Global
	GlobalSection(SolutionConfigurationPlatforms) = preSolution
		Debug|x64 = Debug|x64
		Debug|x86 = Debug|x86
		Release|x64 = Release|x64
		Release|x86 = Release|x86
	EndGlobalSection
	GlobalSection(ProjectConfigurationPlatforms) = postSolution
		{C63DAE4C-ECC0-43A8-A6B8-A8FD091AC2F9}.Debug|x64.ActiveCfg = Debug|x64
		{C63DAE4C-ECC0-43A8-A6B8-A8FD091AC2F9}.Debug|x64.Build.0 = Debug|x64
		{C63DAE4C-ECC0-43A8-A6B8-A8FD091AC2F9}.Debug|x86.ActiveCfg = Debug|Win32
		{C63DAE4C-ECC0-43A8-A6B8-A8FD091AC2F9}.Debug|x86.Build.0 = Debug|Win32
		{C63DAE4C-ECC0-43A8-A6B8-A8FD091AC2F9}.Release|x64.ActiveCfg = Release|x64
		{C63DAE4C-ECC0-43A8-A6B8-A8FD091AC2F9}.Release|x64.Build.0 = Release|x64
		{C63DAE4C-ECC0-43A8-A6B8-A8FD091AC2F9}.Release|x86.ActiveCfg = Release|Win32
		{C63DAE4C-ECC0-43A8-A6B8-A8FD091AC2F9}.Release|x86.Build.0 = Release|Win32
		{0018DD48-B330-4522-B94E-EC161AA41BBA}.Debug|x64.ActiveCfg = Debug|x64
		{0018DD48-B330-4522-B94E-EC161AA41BBA}.Debug|x64.Build.0 = Debug|x64
		{0018DD48-B330-4522-B94E-EC161AA41BBA}.Debug|x86.ActiveCfg = Debug|Win32
		{0018DD48-B330-4522-B94E-EC161AA41BBA}.Debug|x86.Build.0 = Debug|Win32
		{0018DD48-B330-4522-B94E-EC161AA41BBA}.Release|x64.ActiveCfg = Release|x64
		{0018DD48-B330-4522-B94E-EC161AA41BBA}.Release|x64.Build.0 = Release|x64
		{0018DD48-B330-4522-B94E-EC161AA41BBA}.Release|x86.ActiveCfg = Release|Win32
		{0018DD48-B330-4522-B94E-EC161AA41BBA}.Release|x86.Build.0 = Release|Win32
	EndGlobalSection
	GlobalSection(SolutionProperties) = preSolution
		HideSolutionNode = FALSE
	EndGlobalSection
	GlobalSection(ExtensibilityGlobals) = postSolution
		SolutionGuid = {C01A20EC-7DBA-419E-802A-57EBD96E6E87}
	EndGlobalSection
EndGlobal
