<?xml version="1.0" encoding="utf-8"?>
<Project ToolsVersion="4.0" xmlns="http://schemas.microsoft.com/developer/msbuild/2003">
  <ItemGroup>
    <Filter Include="Source Files">
      <UniqueIdentifier>{4FC737F1-C7A5-4376-A066-2A32D752A2FF}</UniqueIdentifier>
      <Extensions>cpp;c;cc;cxx;def;odl;idl;hpj;bat;asm;asmx</Extensions>
    </Filter>
    <Filter Include="System Files">
      <UniqueIdentifier>{4a54e937-7bdb-4bed-a0cb-fdfe805f5802}</UniqueIdentifier>
    </Filter>
    <Filter Include="System Files\assets">
      <UniqueIdentifier>{8ff027c2-048e-43e4-8e4e-dcf4ea176037}</UniqueIdentifier>
    </Filter>
    <Filter Include="Source Files\scripting">
      <UniqueIdentifier>{892cc82f-5a95-4e96-9c8d-fdc5defaa2f9}</UniqueIdentifier>
    </Filter>
    <Filter Include="Source Files\engine">
      <UniqueIdentifier>{97b64c46-a363-4ae5-9aa4-eec739dab731}</UniqueIdentifier>
    </Filter>
    <Filter Include="Source Files\ui">
      <UniqueIdentifier>{9ef2f8bf-b362-440d-9e4d-6999867e6ee8}</UniqueIdentifier>
    </Filter>
    <Filter Include="Source Files\editors">
      <UniqueIdentifier>{20d152f5-7e55-49a2-bd53-95ad93195fad}</UniqueIdentifier>
    </Filter>
    <Filter Include="System Files\assets\demo">
      <UniqueIdentifier>{2d5d8863-5e13-475f-82ed-a6f3d1bb15f4}</UniqueIdentifier>
    </Filter>
    <Filter Include="Source Files\assets">
      <UniqueIdentifier>{4efbf390-e071-4418-bfb1-c88c0cc57a85}</UniqueIdentifier>
    </Filter>
  </ItemGroup>
  <ItemGroup>
    <None Include="..\code\scripting\pybindings.inl">
      <Filter>Source Files\scripting</Filter>
    </None>
    <None Include="..\system\assets\basic.fnt">
      <Filter>System Files\assets</Filter>
    </None>
    <None Include="..\system\assets\default.fnt">
      <Filter>System Files\assets</Filter>
    </None>
    <None Include="..\system\assets\full.fnt">
      <Filter>System Files\assets</Filter>
    </None>
    <None Include="..\system\game.py">
      <Filter>System Files</Filter>
    </None>
    <None Include="..\system\.gitignore">
      <Filter>System Files</Filter>
    </None>
    <None Include="..\system\assets\demo\demo.map">
      <Filter>System Files\assets\demo</Filter>
    </None>
    <None Include="..\system\assets\demo\demo.scr">
      <Filter>System Files\assets\demo</Filter>
    </None>
    <None Include="..\system\assets\demo\demo.tls">
      <Filter>System Files\assets\demo</Filter>
    </None>
    <None Include="..\Makefile">
      <Filter>System Files</Filter>
    </None>
    <None Include="..\README.md">
      <Filter>System Files</Filter>
    </None>
    <None Include="..\TODO">
      <Filter>System Files</Filter>
    </None>
    <None Include="..\WIKI">
      <Filter>System Files</Filter>
    </None>
  </ItemGroup>
  <ItemGroup>
    <ClInclude Include="..\code\scripting\api.hpp">
      <Filter>Source Files\scripting</Filter>
    </ClInclude>
    <ClInclude Include="..\code\scripting\eval.hpp">
      <Filter>Source Files\scripting</Filter>
    </ClInclude>
    <ClInclude Include="..\code\ui\api.hpp">
      <Filter>Source Files\ui</Filter>
    </ClInclude>
    <ClInclude Include="..\code\ui\context.hpp">
      <Filter>Source Files\ui</Filter>
    </ClInclude>
    <ClInclude Include="..\code\ui\editor.hpp">
      <Filter>Source Files\ui</Filter>
    </ClInclude>
    <ClInclude Include="..\code\ui\ui.hpp">
      <Filter>Source Files\ui</Filter>
    </ClInclude>
    <ClInclude Include="..\code\ui\commands.hpp">
      <Filter>Source Files\ui</Filter>
    </ClInclude>
    <ClInclude Include="..\code\editors\api.hpp">
      <Filter>Source Files\editors</Filter>
    </ClInclude>
    <ClInclude Include="..\code\editors\gameeditor.hpp">
      <Filter>Source Files\editors</Filter>
    </ClInclude>
    <ClInclude Include="..\code\editors\mapeditor.hpp">
      <Filter>Source Files\editors</Filter>
    </ClInclude>
    <ClInclude Include="..\code\editors\tileseteditor.hpp">
      <Filter>Source Files\editors</Filter>
    </ClInclude>
    <ClInclude Include="..\code\engine\core.hpp">
      <Filter>Source Files\engine</Filter>
    </ClInclude>
    <ClInclude Include="..\code\engine\engine.hpp">
      <Filter>Source Files\engine</Filter>
    </ClInclude>
    <ClInclude Include="..\code\engine\err.hpp">
      <Filter>Source Files\engine</Filter>
    </ClInclude>
    <ClInclude Include="..\code\engine\fs.hpp">
      <Filter>Source Files\engine</Filter>
    </ClInclude>
    <ClInclude Include="..\code\engine\graphics.hpp">
      <Filter>Source Files\engine</Filter>
    </ClInclude>
    <ClInclude Include="..\code\algo.hpp">
      <Filter>Source Files</Filter>
    </ClInclude>
    <ClInclude Include="..\code\config.hpp">
      <Filter>Source Files</Filter>
    </ClInclude>
    <ClInclude Include="..\code\emu.hpp">
      <Filter>Source Files</Filter>
    </ClInclude>
    <ClInclude Include="..\code\game.hpp">
      <Filter>Source Files</Filter>
    </ClInclude>
    <ClInclude Include="..\code\shell.hpp">
      <Filter>Source Files</Filter>
    </ClInclude>
    <ClInclude Include="..\code\sys.hpp">
      <Filter>Source Files</Filter>
    </ClInclude>
    <ClInclude Include="..\code\engine\api.hpp">
      <Filter>Source Files\engine</Filter>
    </ClInclude>
    <ClInclude Include="..\code\scripting\pyeval.hpp">
      <Filter>Source Files\scripting</Filter>
    </ClInclude>
    <ClInclude Include="..\code\editors\scripteditor.hpp">
      <Filter>Source Files\editors</Filter>
    </ClInclude>
    <ClInclude Include="..\code\assets\factories.hpp">
      <Filter>Source Files\assets</Filter>
    </ClInclude>
    <ClInclude Include="..\code\assets\assets.hpp">
      <Filter>Source Files\assets</Filter>
    </ClInclude>
    <ClInclude Include="..\code\assets\api.hpp">
      <Filter>Source Files\assets</Filter>
    </ClInclude>
  </ItemGroup>
  <ItemGroup>
    <ClCompile Include="..\code\scripting\eval.cpp">
      <Filter>Source Files\scripting</Filter>
    </ClCompile>
    <ClCompile Include="..\code\ui\context.cpp">
      <Filter>Source Files\ui</Filter>
    </ClCompile>
    <ClCompile Include="..\code\ui\editor.cpp">
      <Filter>Source Files\ui</Filter>
    </ClCompile>
    <ClCompile Include="..\code\ui\ui.cpp">
      <Filter>Source Files\ui</Filter>
    </ClCompile>
    <ClCompile Include="..\code\ui\commands.cpp">
      <Filter>Source Files\ui</Filter>
    </ClCompile>
    <ClCompile Include="..\code\editors\mapeditor.cpp">
      <Filter>Source Files\editors</Filter>
    </ClCompile>
    <ClCompile Include="..\code\editors\tileseteditor.cpp">
      <Filter>Source Files\editors</Filter>
    </ClCompile>
    <ClCompile Include="..\code\engine\core.cpp">
      <Filter>Source Files\engine</Filter>
    </ClCompile>
    <ClCompile Include="..\code\engine\engine.cpp">
      <Filter>Source Files\engine</Filter>
    </ClCompile>
    <ClCompile Include="..\code\engine\err.cpp">
      <Filter>Source Files\engine</Filter>
    </ClCompile>
    <ClCompile Include="..\code\engine\fs.cpp">
      <Filter>Source Files\engine</Filter>
    </ClCompile>
    <ClCompile Include="..\code\engine\graphics.cpp">
      <Filter>Source Files\engine</Filter>
    </ClCompile>
    <ClCompile Include="..\code\emu.cpp">
      <Filter>Source Files</Filter>
    </ClCompile>
    <ClCompile Include="..\code\game.cpp">
      <Filter>Source Files</Filter>
    </ClCompile>
    <ClCompile Include="..\code\main.cpp">
      <Filter>Source Files</Filter>
    </ClCompile>
    <ClCompile Include="..\code\shell.cpp">
      <Filter>Source Files</Filter>
    </ClCompile>
    <ClCompile Include="..\code\sys.cpp">
      <Filter>Source Files</Filter>
    </ClCompile>
    <ClCompile Include="..\code\scripting\pyeval.cpp">
      <Filter>Source Files\scripting</Filter>
    </ClCompile>
    <ClCompile Include="..\code\editors\scripteditor.cpp">
      <Filter>Source Files\editors</Filter>
    </ClCompile>
    <ClCompile Include="..\code\assets\factories.cpp">
      <Filter>Source Files\assets</Filter>
    </ClCompile>
    <ClCompile Include="..\code\assets\assets.cpp">
      <Filter>Source Files\assets</Filter>
    </ClCompile>
    <ClCompile Include="..\code\editors\gameeditor.cpp">
      <Filter>Source Files\editors</Filter>
    </ClCompile>
  </ItemGroup>
</Project>